// !$*UTF8*$!
{
	archiveVersion = 1;
	classes = {
	};
	objectVersion = 50;
	objects = {

/* Begin PBXBuildFile section */
		6C4F67BF21FC510C000BA252 /* UIApplication+YBAdd.swift in Sources */ = {isa = PBXBuildFile; fileRef = 6C4F67BE21FC510C000BA252 /* UIApplication+YBAdd.swift */; };
		6C4F67C121FC523F000BA252 /* CGRect+YBAdd.swift in Sources */ = {isa = PBXBuildFile; fileRef = 6C4F67C021FC523F000BA252 /* CGRect+YBAdd.swift */; };
		6C4F67C321FC5413000BA252 /* UIImageView+YBAdd.swift in Sources */ = {isa = PBXBuildFile; fileRef = 6C4F67C221FC5413000BA252 /* UIImageView+YBAdd.swift */; };
		6C4F67C521FC54EC000BA252 /* UIViewController+YBAdd.swift in Sources */ = {isa = PBXBuildFile; fileRef = 6C4F67C421FC54EC000BA252 /* UIViewController+YBAdd.swift */; };
		6C4F67C721FC55D6000BA252 /* CALayer+YBAdd.swift in Sources */ = {isa = PBXBuildFile; fileRef = 6C4F67C621FC55D6000BA252 /* CALayer+YBAdd.swift */; };
		6C4F67C921FC5B19000BA252 /* UIButton+YBAdd.swift in Sources */ = {isa = PBXBuildFile; fileRef = 6C4F67C821FC5B19000BA252 /* UIButton+YBAdd.swift */; };
		6C4F67CB21FC5DC7000BA252 /* UITextField+YBAdd.swift in Sources */ = {isa = PBXBuildFile; fileRef = 6C4F67CA21FC5DC7000BA252 /* UITextField+YBAdd.swift */; };
		6C914DDF21FBFB1400BFE55C /* AppDelegate.swift in Sources */ = {isa = PBXBuildFile; fileRef = 6C914DDE21FBFB1400BFE55C /* AppDelegate.swift */; };
		6C914DE121FBFB1400BFE55C /* ViewController.swift in Sources */ = {isa = PBXBuildFile; fileRef = 6C914DE021FBFB1400BFE55C /* ViewController.swift */; };
		6C914DE421FBFB1400BFE55C /* Main.storyboard in Resources */ = {isa = PBXBuildFile; fileRef = 6C914DE221FBFB1400BFE55C /* Main.storyboard */; };
		6C914DE621FBFB1600BFE55C /* Assets.xcassets in Resources */ = {isa = PBXBuildFile; fileRef = 6C914DE521FBFB1600BFE55C /* Assets.xcassets */; };
		6C914DE921FBFB1600BFE55C /* LaunchScreen.storyboard in Resources */ = {isa = PBXBuildFile; fileRef = 6C914DE721FBFB1600BFE55C /* LaunchScreen.storyboard */; };
		6C914DF521FBFBD800BFE55C /* NSObject+YBAdd.swift in Sources */ = {isa = PBXBuildFile; fileRef = 6C914DF421FBFBD800BFE55C /* NSObject+YBAdd.swift */; };
		6C914DF721FC390100BFE55C /* UIColor+YBAdd.swift in Sources */ = {isa = PBXBuildFile; fileRef = 6C914DF621FC390100BFE55C /* UIColor+YBAdd.swift */; };
		6C914DF921FC3AAD00BFE55C /* UIView+YBAdd.swift in Sources */ = {isa = PBXBuildFile; fileRef = 6C914DF821FC3AAD00BFE55C /* UIView+YBAdd.swift */; };
		6C914DFB21FC3C7A00BFE55C /* String+YBAdd.swift in Sources */ = {isa = PBXBuildFile; fileRef = 6C914DFA21FC3C7A00BFE55C /* String+YBAdd.swift */; };
		6C914DFD21FC3E1100BFE55C /* Optional+YBAdd.swift in Sources */ = {isa = PBXBuildFile; fileRef = 6C914DFC21FC3E1100BFE55C /* Optional+YBAdd.swift */; };
		6C914DFF21FC417D00BFE55C /* UIDevice+YBAdd.swift in Sources */ = {isa = PBXBuildFile; fileRef = 6C914DFE21FC417D00BFE55C /* UIDevice+YBAdd.swift */; };
		6C914E0121FC467000BFE55C /* UILabel+YBAdd.swift in Sources */ = {isa = PBXBuildFile; fileRef = 6C914E0021FC467000BFE55C /* UILabel+YBAdd.swift */; };
/* End PBXBuildFile section */

/* Begin PBXFileReference section */
		6C4F67BE21FC510C000BA252 /* UIApplication+YBAdd.swift */ = {isa = PBXFileReference; lastKnownFileType = sourcecode.swift; path = "UIApplication+YBAdd.swift"; sourceTree = "<group>"; };
		6C4F67C021FC523F000BA252 /* CGRect+YBAdd.swift */ = {isa = PBXFileReference; lastKnownFileType = sourcecode.swift; path = "CGRect+YBAdd.swift"; sourceTree = "<group>"; };
		6C4F67C221FC5413000BA252 /* UIImageView+YBAdd.swift */ = {isa = PBXFileReference; lastKnownFileType = sourcecode.swift; path = "UIImageView+YBAdd.swift"; sourceTree = "<group>"; };
		6C4F67C421FC54EC000BA252 /* UIViewController+YBAdd.swift */ = {isa = PBXFileReference; lastKnownFileType = sourcecode.swift; path = "UIViewController+YBAdd.swift"; sourceTree = "<group>"; };
		6C4F67C621FC55D6000BA252 /* CALayer+YBAdd.swift */ = {isa = PBXFileReference; lastKnownFileType = sourcecode.swift; path = "CALayer+YBAdd.swift"; sourceTree = "<group>"; };
		6C4F67C821FC5B19000BA252 /* UIButton+YBAdd.swift */ = {isa = PBXFileReference; lastKnownFileType = sourcecode.swift; path = "UIButton+YBAdd.swift"; sourceTree = "<group>"; };
		6C4F67CA21FC5DC7000BA252 /* UITextField+YBAdd.swift */ = {isa = PBXFileReference; lastKnownFileType = sourcecode.swift; path = "UITextField+YBAdd.swift"; sourceTree = "<group>"; };
		6C914DDB21FBFB1400BFE55C /* YBExtensions.app */ = {isa = PBXFileReference; explicitFileType = wrapper.application; includeInIndex = 0; path = YBExtensions.app; sourceTree = BUILT_PRODUCTS_DIR; };
		6C914DDE21FBFB1400BFE55C /* AppDelegate.swift */ = {isa = PBXFileReference; lastKnownFileType = sourcecode.swift; path = AppDelegate.swift; sourceTree = "<group>"; };
		6C914DE021FBFB1400BFE55C /* ViewController.swift */ = {isa = PBXFileReference; lastKnownFileType = sourcecode.swift; path = ViewController.swift; sourceTree = "<group>"; };
		6C914DE321FBFB1400BFE55C /* Base */ = {isa = PBXFileReference; lastKnownFileType = file.storyboard; name = Base; path = Base.lproj/Main.storyboard; sourceTree = "<group>"; };
		6C914DE521FBFB1600BFE55C /* Assets.xcassets */ = {isa = PBXFileReference; lastKnownFileType = folder.assetcatalog; path = Assets.xcassets; sourceTree = "<group>"; };
		6C914DE821FBFB1600BFE55C /* Base */ = {isa = PBXFileReference; lastKnownFileType = file.storyboard; name = Base; path = Base.lproj/LaunchScreen.storyboard; sourceTree = "<group>"; };
		6C914DEA21FBFB1600BFE55C /* Info.plist */ = {isa = PBXFileReference; lastKnownFileType = text.plist.xml; path = Info.plist; sourceTree = "<group>"; };
		6C914DF421FBFBD800BFE55C /* NSObject+YBAdd.swift */ = {isa = PBXFileReference; lastKnownFileType = sourcecode.swift; path = "NSObject+YBAdd.swift"; sourceTree = "<group>"; };
		6C914DF621FC390100BFE55C /* UIColor+YBAdd.swift */ = {isa = PBXFileReference; lastKnownFileType = sourcecode.swift; path = "UIColor+YBAdd.swift"; sourceTree = "<group>"; };
		6C914DF821FC3AAD00BFE55C /* UIView+YBAdd.swift */ = {isa = PBXFileReference; lastKnownFileType = sourcecode.swift; path = "UIView+YBAdd.swift"; sourceTree = "<group>"; };
		6C914DFA21FC3C7A00BFE55C /* String+YBAdd.swift */ = {isa = PBXFileReference; lastKnownFileType = sourcecode.swift; path = "String+YBAdd.swift"; sourceTree = "<group>"; };
		6C914DFC21FC3E1100BFE55C /* Optional+YBAdd.swift */ = {isa = PBXFileReference; lastKnownFileType = sourcecode.swift; path = "Optional+YBAdd.swift"; sourceTree = "<group>"; };
		6C914DFE21FC417D00BFE55C /* UIDevice+YBAdd.swift */ = {isa = PBXFileReference; lastKnownFileType = sourcecode.swift; path = "UIDevice+YBAdd.swift"; sourceTree = "<group>"; };
		6C914E0021FC467000BFE55C /* UILabel+YBAdd.swift */ = {isa = PBXFileReference; lastKnownFileType = sourcecode.swift; path = "UILabel+YBAdd.swift"; sourceTree = "<group>"; };
/* End PBXFileReference section */

/* Begin PBXFrameworksBuildPhase section */
		6C914DD821FBFB1400BFE55C /* Frameworks */ = {
			isa = PBXFrameworksBuildPhase;
			buildActionMask = 2147483647;
			files = (
			);
			runOnlyForDeploymentPostprocessing = 0;
		};
/* End PBXFrameworksBuildPhase section */

/* Begin PBXGroup section */
		6C914DD221FBFB1400BFE55C = {
			isa = PBXGroup;
			children = (
				6C914DDD21FBFB1400BFE55C /* YBExtensions */,
				6C914DDC21FBFB1400BFE55C /* Products */,
			);
			sourceTree = "<group>";
		};
		6C914DDC21FBFB1400BFE55C /* Products */ = {
			isa = PBXGroup;
			children = (
				6C914DDB21FBFB1400BFE55C /* YBExtensions.app */,
			);
			name = Products;
			sourceTree = "<group>";
		};
		6C914DDD21FBFB1400BFE55C /* YBExtensions */ = {
			isa = PBXGroup;
			children = (
				6C914DF021FBFB3600BFE55C /* YBExtensions */,
				6C914DDE21FBFB1400BFE55C /* AppDelegate.swift */,
				6C914DE021FBFB1400BFE55C /* ViewController.swift */,
				6C914DE221FBFB1400BFE55C /* Main.storyboard */,
				6C914DE521FBFB1600BFE55C /* Assets.xcassets */,
				6C914DE721FBFB1600BFE55C /* LaunchScreen.storyboard */,
				6C914DEA21FBFB1600BFE55C /* Info.plist */,
			);
			path = YBExtensions;
			sourceTree = "<group>";
		};
		6C914DF021FBFB3600BFE55C /* YBExtensions */ = {
			isa = PBXGroup;
			children = (
				6C914DF321FBFB6800BFE55C /* Quartz */,
				6C914DF221FBFB6100BFE55C /* UIKit */,
				6C914DF121FBFB4300BFE55C /* Foundation */,
			);
			path = YBExtensions;
			sourceTree = "<group>";
		};
		6C914DF121FBFB4300BFE55C /* Foundation */ = {
			isa = PBXGroup;
			children = (
				6C4F67C021FC523F000BA252 /* CGRect+YBAdd.swift */,
				6C914DF421FBFBD800BFE55C /* NSObject+YBAdd.swift */,
				6C914DFA21FC3C7A00BFE55C /* String+YBAdd.swift */,
			);
			path = Foundation;
			sourceTree = "<group>";
		};
		6C914DF221FBFB6100BFE55C /* UIKit */ = {
			isa = PBXGroup;
			children = (
				6C4F67BE21FC510C000BA252 /* UIApplication+YBAdd.swift */,
				6C914DF621FC390100BFE55C /* UIColor+YBAdd.swift */,
				6C914DF821FC3AAD00BFE55C /* UIView+YBAdd.swift */,
				6C914DFE21FC417D00BFE55C /* UIDevice+YBAdd.swift */,
				6C914E0021FC467000BFE55C /* UILabel+YBAdd.swift */,
				6C4F67C221FC5413000BA252 /* UIImageView+YBAdd.swift */,
				6C4F67C421FC54EC000BA252 /* UIViewController+YBAdd.swift */,
				6C4F67C821FC5B19000BA252 /* UIButton+YBAdd.swift */,
				6C4F67CA21FC5DC7000BA252 /* UITextField+YBAdd.swift */,
			);
			path = UIKit;
			sourceTree = "<group>";
		};
		6C914DF321FBFB6800BFE55C /* Quartz */ = {
			isa = PBXGroup;
			children = (
				6C914DFC21FC3E1100BFE55C /* Optional+YBAdd.swift */,
				6C4F67C621FC55D6000BA252 /* CALayer+YBAdd.swift */,
			);
			path = Quartz;
			sourceTree = "<group>";
		};
/* End PBXGroup section */

/* Begin PBXNativeTarget section */
		6C914DDA21FBFB1400BFE55C /* YBExtensions */ = {
			isa = PBXNativeTarget;
			buildConfigurationList = 6C914DED21FBFB1600BFE55C /* Build configuration list for PBXNativeTarget "YBExtensions" */;
			buildPhases = (
				6C914DD721FBFB1400BFE55C /* Sources */,
				6C914DD821FBFB1400BFE55C /* Frameworks */,
				6C914DD921FBFB1400BFE55C /* Resources */,
			);
			buildRules = (
			);
			dependencies = (
			);
			name = YBExtensions;
			productName = YBExtensions;
			productReference = 6C914DDB21FBFB1400BFE55C /* YBExtensions.app */;
			productType = "com.apple.product-type.application";
		};
/* End PBXNativeTarget section */

/* Begin PBXProject section */
		6C914DD321FBFB1400BFE55C /* Project object */ = {
			isa = PBXProject;
			attributes = {
				LastSwiftUpdateCheck = 1010;
				LastUpgradeCheck = 1010;
				ORGANIZATIONNAME = ttttfix;
				TargetAttributes = {
					6C914DDA21FBFB1400BFE55C = {
						CreatedOnToolsVersion = 10.1;
					};
				};
			};
			buildConfigurationList = 6C914DD621FBFB1400BFE55C /* Build configuration list for PBXProject "YBExtensions" */;
			compatibilityVersion = "Xcode 9.3";
			developmentRegion = en;
			hasScannedForEncodings = 0;
			knownRegions = (
				en,
				Base,
			);
			mainGroup = 6C914DD221FBFB1400BFE55C;
			productRefGroup = 6C914DDC21FBFB1400BFE55C /* Products */;
			projectDirPath = "";
			projectRoot = "";
			targets = (
				6C914DDA21FBFB1400BFE55C /* YBExtensions */,
			);
		};
/* End PBXProject section */

/* Begin PBXResourcesBuildPhase section */
		6C914DD921FBFB1400BFE55C /* Resources */ = {
			isa = PBXResourcesBuildPhase;
			buildActionMask = 2147483647;
			files = (
				6C914DE921FBFB1600BFE55C /* LaunchScreen.storyboard in Resources */,
				6C914DE621FBFB1600BFE55C /* Assets.xcassets in Resources */,
				6C914DE421FBFB1400BFE55C /* Main.storyboard in Resources */,
			);
			runOnlyForDeploymentPostprocessing = 0;
		};
/* End PBXResourcesBuildPhase section */

/* Begin PBXSourcesBuildPhase section */
		6C914DD721FBFB1400BFE55C /* Sources */ = {
			isa = PBXSourcesBuildPhase;
			buildActionMask = 2147483647;
			files = (
				6C914DE121FBFB1400BFE55C /* ViewController.swift in Sources */,
				6C4F67BF21FC510C000BA252 /* UIApplication+YBAdd.swift in Sources */,
				6C4F67C921FC5B19000BA252 /* UIButton+YBAdd.swift in Sources */,
				6C914DF921FC3AAD00BFE55C /* UIView+YBAdd.swift in Sources */,
				6C914DF521FBFBD800BFE55C /* NSObject+YBAdd.swift in Sources */,
				6C914DFB21FC3C7A00BFE55C /* String+YBAdd.swift in Sources */,
				6C4F67C521FC54EC000BA252 /* UIViewController+YBAdd.swift in Sources */,
				6C4F67C321FC5413000BA252 /* UIImageView+YBAdd.swift in Sources */,
				6C4F67CB21FC5DC7000BA252 /* UITextField+YBAdd.swift in Sources */,
				6C4F67C121FC523F000BA252 /* CGRect+YBAdd.swift in Sources */,
				6C4F67C721FC55D6000BA252 /* CALayer+YBAdd.swift in Sources */,
				6C914DFF21FC417D00BFE55C /* UIDevice+YBAdd.swift in Sources */,
				6C914E0121FC467000BFE55C /* UILabel+YBAdd.swift in Sources */,
				6C914DF721FC390100BFE55C /* UIColor+YBAdd.swift in Sources */,
				6C914DDF21FBFB1400BFE55C /* AppDelegate.swift in Sources */,
				6C914DFD21FC3E1100BFE55C /* Optional+YBAdd.swift in Sources */,
			);
			runOnlyForDeploymentPostprocessing = 0;
		};
/* End PBXSourcesBuildPhase section */

/* Begin PBXVariantGroup section */
		6C914DE221FBFB1400BFE55C /* Main.storyboard */ = {
			isa = PBXVariantGroup;
			children = (
				6C914DE321FBFB1400BFE55C /* Base */,
			);
			name = Main.storyboard;
			sourceTree = "<group>";
		};
		6C914DE721FBFB1600BFE55C /* LaunchScreen.storyboard */ = {
			isa = PBXVariantGroup;
			children = (
				6C914DE821FBFB1600BFE55C /* Base */,
			);
			name = LaunchScreen.storyboard;
			sourceTree = "<group>";
		};
/* End PBXVariantGroup section */

/* Begin XCBuildConfiguration section */
		6C914DEB21FBFB1600BFE55C /* Debug */ = {
			isa = XCBuildConfiguration;
			buildSettings = {
				ALWAYS_SEARCH_USER_PATHS = NO;
				CLANG_ANALYZER_NONNULL = YES;
				CLANG_ANALYZER_NUMBER_OBJECT_CONVERSION = YES_AGGRESSIVE;
				CLANG_CXX_LANGUAGE_STANDARD = "gnu++14";
				CLANG_CXX_LIBRARY = "libc++";
				CLANG_ENABLE_MODULES = YES;
				CLANG_ENABLE_OBJC_ARC = YES;
				CLANG_ENABLE_OBJC_WEAK = YES;
				CLANG_WARN_BLOCK_CAPTURE_AUTORELEASING = YES;
				CLANG_WARN_BOOL_CONVERSION = YES;
				CLANG_WARN_COMMA = YES;
				CLANG_WARN_CONSTANT_CONVERSION = YES;
				CLANG_WARN_DEPRECATED_OBJC_IMPLEMENTATIONS = YES;
				CLANG_WARN_DIRECT_OBJC_ISA_USAGE = YES_ERROR;
				CLANG_WARN_DOCUMENTATION_COMMENTS = YES;
				CLANG_WARN_EMPTY_BODY = YES;
				CLANG_WARN_ENUM_CONVERSION = YES;
				CLANG_WARN_INFINITE_RECURSION = YES;
				CLANG_WARN_INT_CONVERSION = YES;
				CLANG_WARN_NON_LITERAL_NULL_CONVERSION = YES;
				CLANG_WARN_OBJC_IMPLICIT_RETAIN_SELF = YES;
				CLANG_WARN_OBJC_LITERAL_CONVERSION = YES;
				CLANG_WARN_OBJC_ROOT_CLASS = YES_ERROR;
				CLANG_WARN_RANGE_LOOP_ANALYSIS = YES;
				CLANG_WARN_STRICT_PROTOTYPES = YES;
				CLANG_WARN_SUSPICIOUS_MOVE = YES;
				CLANG_WARN_UNGUARDED_AVAILABILITY = YES_AGGRESSIVE;
				CLANG_WARN_UNREACHABLE_CODE = YES;
				CLANG_WARN__DUPLICATE_METHOD_MATCH = YES;
				CODE_SIGN_IDENTITY = "iPhone Developer";
				COPY_PHASE_STRIP = NO;
				DEBUG_INFORMATION_FORMAT = dwarf;
				ENABLE_STRICT_OBJC_MSGSEND = YES;
				ENABLE_TESTABILITY = YES;
				GCC_C_LANGUAGE_STANDARD = gnu11;
				GCC_DYNAMIC_NO_PIC = NO;
				GCC_NO_COMMON_BLOCKS = YES;
				GCC_OPTIMIZATION_LEVEL = 0;
				GCC_PREPROCESSOR_DEFINITIONS = (
					"DEBUG=1",
					"$(inherited)",
				);
				GCC_WARN_64_TO_32_BIT_CONVERSION = YES;
				GCC_WARN_ABOUT_RETURN_TYPE = YES_ERROR;
				GCC_WARN_UNDECLARED_SELECTOR = YES;
				GCC_WARN_UNINITIALIZED_AUTOS = YES_AGGRESSIVE;
				GCC_WARN_UNUSED_FUNCTION = YES;
				GCC_WARN_UNUSED_VARIABLE = YES;
				IPHONEOS_DEPLOYMENT_TARGET = 12.1;
				MTL_ENABLE_DEBUG_INFO = INCLUDE_SOURCE;
				MTL_FAST_MATH = YES;
				ONLY_ACTIVE_ARCH = YES;
				SDKROOT = iphoneos;
				SWIFT_ACTIVE_COMPILATION_CONDITIONS = DEBUG;
				SWIFT_OPTIMIZATION_LEVEL = "-Onone";
			};
			name = Debug;
		};
		6C914DEC21FBFB1600BFE55C /* Release */ = {
			isa = XCBuildConfiguration;
			buildSettings = {
				ALWAYS_SEARCH_USER_PATHS = NO;
				CLANG_ANALYZER_NONNULL = YES;
				CLANG_ANALYZER_NUMBER_OBJECT_CONVERSION = YES_AGGRESSIVE;
				CLANG_CXX_LANGUAGE_STANDARD = "gnu++14";
				CLANG_CXX_LIBRARY = "libc++";
				CLANG_ENABLE_MODULES = YES;
				CLANG_ENABLE_OBJC_ARC = YES;
				CLANG_ENABLE_OBJC_WEAK = YES;
				CLANG_WARN_BLOCK_CAPTURE_AUTORELEASING = YES;
				CLANG_WARN_BOOL_CONVERSION = YES;
				CLANG_WARN_COMMA = YES;
				CLANG_WARN_CONSTANT_CONVERSION = YES;
				CLANG_WARN_DEPRECATED_OBJC_IMPLEMENTATIONS = YES;
				CLANG_WARN_DIRECT_OBJC_ISA_USAGE = YES_ERROR;
				CLANG_WARN_DOCUMENTATION_COMMENTS = YES;
				CLANG_WARN_EMPTY_BODY = YES;
				CLANG_WARN_ENUM_CONVERSION = YES;
				CLANG_WARN_INFINITE_RECURSION = YES;
				CLANG_WARN_INT_CONVERSION = YES;
				CLANG_WARN_NON_LITERAL_NULL_CONVERSION = YES;
				CLANG_WARN_OBJC_IMPLICIT_RETAIN_SELF = YES;
				CLANG_WARN_OBJC_LITERAL_CONVERSION = YES;
				CLANG_WARN_OBJC_ROOT_CLASS = YES_ERROR;
				CLANG_WARN_RANGE_LOOP_ANALYSIS = YES;
				CLANG_WARN_STRICT_PROTOTYPES = YES;
				CLANG_WARN_SUSPICIOUS_MOVE = YES;
				CLANG_WARN_UNGUARDED_AVAILABILITY = YES_AGGRESSIVE;
				CLANG_WARN_UNREACHABLE_CODE = YES;
				CLANG_WARN__DUPLICATE_METHOD_MATCH = YES;
				CODE_SIGN_IDENTITY = "iPhone Developer";
				COPY_PHASE_STRIP = NO;
				DEBUG_INFORMATION_FORMAT = "dwarf-with-dsym";
				ENABLE_NS_ASSERTIONS = NO;
				ENABLE_STRICT_OBJC_MSGSEND = YES;
				GCC_C_LANGUAGE_STANDARD = gnu11;
				GCC_NO_COMMON_BLOCKS = YES;
				GCC_WARN_64_TO_32_BIT_CONVERSION = YES;
				GCC_WARN_ABOUT_RETURN_TYPE = YES_ERROR;
				GCC_WARN_UNDECLARED_SELECTOR = YES;
				GCC_WARN_UNINITIALIZED_AUTOS = YES_AGGRESSIVE;
				GCC_WARN_UNUSED_FUNCTION = YES;
				GCC_WARN_UNUSED_VARIABLE = YES;
				IPHONEOS_DEPLOYMENT_TARGET = 12.1;
				MTL_ENABLE_DEBUG_INFO = NO;
				MTL_FAST_MATH = YES;
				SDKROOT = iphoneos;
				SWIFT_COMPILATION_MODE = wholemodule;
				SWIFT_OPTIMIZATION_LEVEL = "-O";
				VALIDATE_PRODUCT = YES;
			};
			name = Release;
		};
		6C914DEE21FBFB1600BFE55C /* Debug */ = {
			isa = XCBuildConfiguration;
			buildSettings = {
				ASSETCATALOG_COMPILER_APPICON_NAME = AppIcon;
				CODE_SIGN_STYLE = Automatic;
				INFOPLIST_FILE = YBExtensions/Info.plist;
				LD_RUNPATH_SEARCH_PATHS = (
					"$(inherited)",
					"@executable_path/Frameworks",
				);
				PRODUCT_BUNDLE_IDENTIFIER = com.ttttfix.YBExtensions;
				PRODUCT_NAME = "$(TARGET_NAME)";
				SWIFT_VERSION = 4.2;
				TARGETED_DEVICE_FAMILY = "1,2";
			};
			name = Debug;
		};
		6C914DEF21FBFB1600BFE55C /* Release */ = {
			isa = XCBuildConfiguration;
			buildSettings = {
				ASSETCATALOG_COMPILER_APPICON_NAME = AppIcon;
				CODE_SIGN_STYLE = Automatic;
				INFOPLIST_FILE = YBExtensions/Info.plist;
				LD_RUNPATH_SEARCH_PATHS = (
					"$(inherited)",
					"@executable_path/Frameworks",
				);
				PRODUCT_BUNDLE_IDENTIFIER = com.ttttfix.YBExtensions;
				PRODUCT_NAME = "$(TARGET_NAME)";
				SWIFT_VERSION = 4.2;
				TARGETED_DEVICE_FAMILY = "1,2";
			};
			name = Release;
		};
/* End XCBuildConfiguration section */

/* Begin XCConfigurationList section */
		6C914DD621FBFB1400BFE55C /* Build configuration list for PBXProject "YBExtensions" */ = {
			isa = XCConfigurationList;
			buildConfigurations = (
				6C914DEB21FBFB1600BFE55C /* Debug */,
				6C914DEC21FBFB1600BFE55C /* Release */,
			);
			defaultConfigurationIsVisible = 0;
			defaultConfigurationName = Release;
		};
		6C914DED21FBFB1600BFE55C /* Build configuration list for PBXNativeTarget "YBExtensions" */ = {
			isa = XCConfigurationList;
			buildConfigurations = (
				6C914DEE21FBFB1600BFE55C /* Debug */,
				6C914DEF21FBFB1600BFE55C /* Release */,
			);
			defaultConfigurationIsVisible = 0;
			defaultConfigurationName = Release;
		};
/* End XCConfigurationList section */
	};
	rootObject = 6C914DD321FBFB1400BFE55C /* Project object */;
}
